
Microsoft Visual Studio Solution File, Format Version 12.00
# Visual Studio 15
VisualStudioVersion = 15.0.27004.2005
MinimumVisualStudioVersion = 10.0.40219.1
Project("{FAE04EC0-301F-11D3-BF4B-00C04F79EFBC}") = "Checkpoint2", "Checkpoint2\Checkpoint2.csproj", "{19D693DC-432D-4768-8EEA-F162AD3C62D8}"
EndProject
Global
	GlobalSection(SolutionConfigurationPlatforms) = preSolution
		Debug|Any CPU = Debug|Any CPU
		Release|Any CPU = Release|Any CPU
	EndGlobalSection
	GlobalSection(ProjectConfigurationPlatforms) = postSolution
		{19D693DC-432D-4768-8EEA-F162AD3C62D8}.Debug|Any CPU.ActiveCfg = Debug|Any CPU
		{19D693DC-432D-4768-8EEA-F162AD3C62D8}.Debug|Any CPU.Build.0 = Debug|Any CPU
		{19D693DC-432D-4768-8EEA-F162AD3C62D8}.Release|Any CPU.ActiveCfg = Release|Any CPU
		{19D693DC-432D-4768-8EEA-F162AD3C62D8}.Release|Any CPU.Build.0 = Release|Any CPU
	EndGlobalSection
	GlobalSection(SolutionProperties) = preSolution
		HideSolutionNode = FALSE
	EndGlobalSection
	GlobalSection(ExtensibilityGlobals) = postSolution
		SolutionGuid = {71DF9D53-C7ED-42E3-9080-FE3BEDA65CFE}
	EndGlobalSection
EndGlobal
